
Microsoft Visual Studio Solution File, Format Version 12.00
# Visual Studio Version 17
VisualStudioVersion = 17.7.34031.279
MinimumVisualStudioVersion = 10.0.40219.1
Project("{FAE04EC0-301F-11D3-BF4B-00C04F79EFBC}") = "Practice4-2", "Practice4-2.csproj", "{7E03C318-70A8-4C28-A24A-6077CCA008A8}"
EndProject
Global
	GlobalSection(SolutionConfigurationPlatforms) = preSolution
		Debug|Any CPU = Debug|Any CPU
		Release|Any CPU = Release|Any CPU
	EndGlobalSection
	GlobalSection(ProjectConfigurationPlatforms) = postSolution
		{7E03C318-70A8-4C28-A24A-6077CCA008A8}.Debug|Any CPU.ActiveCfg = Debug|Any CPU
		{7E03C318-70A8-4C28-A24A-6077CCA008A8}.Debug|Any CPU.Build.0 = Debug|Any CPU
		{7E03C318-70A8-4C28-A24A-6077CCA008A8}.Release|Any CPU.ActiveCfg = Release|Any CPU
		{7E03C318-70A8-4C28-A24A-6077CCA008A8}.Release|Any CPU.Build.0 = Release|Any CPU
	EndGlobalSection
	GlobalSection(SolutionProperties) = preSolution
		HideSolutionNode = FALSE
	EndGlobalSection
	GlobalSection(ExtensibilityGlobals) = postSolution
		SolutionGuid = {67D7940F-D6A4-4FD5-B280-68A8A1A9BC48}
	EndGlobalSection
EndGlobal
